
Microsoft Visual Studio Solution File, Format Version 12.00
# Visual Studio 15
VisualStudioVersion = 15.0.27130.2027
MinimumVisualStudioVersion = 10.0.40219.1
Project("{FAE04EC0-301F-11D3-BF4B-00C04F79EFBC}") = "XamarinAzureApp.Android", "XamarinAzureApp\XamarinAzureApp.Android\XamarinAzureApp.Android.csproj", "{D61CA854-42E1-4068-90B1-239128645B27}"
EndProject
Project("{FAE04EC0-301F-11D3-BF4B-00C04F79EFBC}") = "XamarinAzureApp.iOS", "XamarinAzureApp\XamarinAzureApp.iOS\XamarinAzureApp.iOS.csproj", "{6D65D154-9282-47F3-A0FB-E1F5C97FB9C7}"
EndProject
Project("{FAE04EC0-301F-11D3-BF4B-00C04F79EFBC}") = "XamarinAzureApp.UWP", "XamarinAzureApp\XamarinAzureApp.UWP\XamarinAzureApp.UWP.csproj", "{384BC790-69AD-4D00-A31F-C53E9316F5D9}"
EndProject
Project("{FAE04EC0-301F-11D3-BF4B-00C04F79EFBC}") = "XamarinAzureApp", "XamarinAzureApp\XamarinAzureApp\XamarinAzureApp.csproj", "{28535683-D94D-41A0-ADC9-0AF1B491C873}"
EndProject
Global
	GlobalSection(SolutionConfigurationPlatforms) = preSolution
		Ad-Hoc|Any CPU = Ad-Hoc|Any CPU
		Ad-Hoc|ARM = Ad-Hoc|ARM
		Ad-Hoc|iPhone = Ad-Hoc|iPhone
		Ad-Hoc|iPhoneSimulator = Ad-Hoc|iPhoneSimulator
		Ad-Hoc|x64 = Ad-Hoc|x64
		Ad-Hoc|x86 = Ad-Hoc|x86
		AppStore|Any CPU = AppStore|Any CPU
		AppStore|ARM = AppStore|ARM
		AppStore|iPhone = AppStore|iPhone
		AppStore|iPhoneSimulator = AppStore|iPhoneSimulator
		AppStore|x64 = AppStore|x64
		AppStore|x86 = AppStore|x86
		Debug|Any CPU = Debug|Any CPU
		Debug|ARM = Debug|ARM
		Debug|iPhone = Debug|iPhone
		Debug|iPhoneSimulator = Debug|iPhoneSimulator
		Debug|x64 = Debug|x64
		Debug|x86 = Debug|x86
		Release|Any CPU = Release|Any CPU
		Release|ARM = Release|ARM
		Release|iPhone = Release|iPhone
		Release|iPhoneSimulator = Release|iPhoneSimulator
		Release|x64 = Release|x64
		Release|x86 = Release|x86
	EndGlobalSection
	GlobalSection(ProjectConfigurationPlatforms) = postSolution
		{D61CA854-42E1-4068-90B1-239128645B27}.Ad-Hoc|Any CPU.ActiveCfg = Release|Any CPU
		{D61CA854-42E1-4068-90B1-239128645B27}.Ad-Hoc|Any CPU.Build.0 = Release|Any CPU
		{D61CA854-42E1-4068-90B1-239128645B27}.Ad-Hoc|Any CPU.Deploy.0 = Release|Any CPU
		{D61CA854-42E1-4068-90B1-239128645B27}.Ad-Hoc|ARM.ActiveCfg = Release|Any CPU
		{D61CA854-42E1-4068-90B1-239128645B27}.Ad-Hoc|ARM.Build.0 = Release|Any CPU
		{D61CA854-42E1-4068-90B1-239128645B27}.Ad-Hoc|ARM.Deploy.0 = Release|Any CPU
		{D61CA854-42E1-4068-90B1-239128645B27}.Ad-Hoc|iPhone.ActiveCfg = Release|Any CPU
		{D61CA854-42E1-4068-90B1-239128645B27}.Ad-Hoc|iPhone.Build.0 = Release|Any CPU
		{D61CA854-42E1-4068-90B1-239128645B27}.Ad-Hoc|iPhone.Deploy.0 = Release|Any CPU
		{D61CA854-42E1-4068-90B1-239128645B27}.Ad-Hoc|iPhoneSimulator.ActiveCfg = Release|Any CPU
		{D61CA854-42E1-4068-90B1-239128645B27}.Ad-Hoc|iPhoneSimulator.Build.0 = Release|Any CPU
		{D61CA854-42E1-4068-90B1-239128645B27}.Ad-Hoc|iPhoneSimulator.Deploy.0 = Release|Any CPU
		{D61CA854-42E1-4068-90B1-239128645B27}.Ad-Hoc|x64.ActiveCfg = Release|Any CPU
		{D61CA854-42E1-4068-90B1-239128645B27}.Ad-Hoc|x64.Build.0 = Release|Any CPU
		{D61CA854-42E1-4068-90B1-239128645B27}.Ad-Hoc|x64.Deploy.0 = Release|Any CPU
		{D61CA854-42E1-4068-90B1-239128645B27}.Ad-Hoc|x86.ActiveCfg = Release|Any CPU
		{D61CA854-42E1-4068-90B1-239128645B27}.Ad-Hoc|x86.Build.0 = Release|Any CPU
		{D61CA854-42E1-4068-90B1-239128645B27}.Ad-Hoc|x86.Deploy.0 = Release|Any CPU
		{D61CA854-42E1-4068-90B1-239128645B27}.AppStore|Any CPU.ActiveCfg = Release|Any CPU
		{D61CA854-42E1-4068-90B1-239128645B27}.AppStore|Any CPU.Build.0 = Release|Any CPU
		{D61CA854-42E1-4068-90B1-239128645B27}.AppStore|Any CPU.Deploy.0 = Release|Any CPU
		{D61CA854-42E1-4068-90B1-239128645B27}.AppStore|ARM.ActiveCfg = Release|Any CPU
		{D61CA854-42E1-4068-90B1-239128645B27}.AppStore|ARM.Build.0 = Release|Any CPU
		{D61CA854-42E1-4068-90B1-239128645B27}.AppStore|ARM.Deploy.0 = Release|Any CPU
		{D61CA854-42E1-4068-90B1-239128645B27}.AppStore|iPhone.ActiveCfg = Release|Any CPU
		{D61CA854-42E1-4068-90B1-239128645B27}.AppStore|iPhone.Build.0 = Release|Any CPU
		{D61CA854-42E1-4068-90B1-239128645B27}.AppStore|iPhone.Deploy.0 = Release|Any CPU
		{D61CA854-42E1-4068-90B1-239128645B27}.AppStore|iPhoneSimulator.ActiveCfg = Release|Any CPU
		{D61CA854-42E1-4068-90B1-239128645B27}.AppStore|iPhoneSimulator.Build.0 = Release|Any CPU
		{D61CA854-42E1-4068-90B1-239128645B27}.AppStore|iPhoneSimulator.Deploy.0 = Release|Any CPU
		{D61CA854-42E1-4068-90B1-239128645B27}.AppStore|x64.ActiveCfg = Release|Any CPU
		{D61CA854-42E1-4068-90B1-239128645B27}.AppStore|x64.Build.0 = Release|Any CPU
		{D61CA854-42E1-4068-90B1-239128645B27}.AppStore|x64.Deploy.0 = Release|Any CPU
		{D61CA854-42E1-4068-90B1-239128645B27}.AppStore|x86.ActiveCfg = Release|Any CPU
		{D61CA854-42E1-4068-90B1-239128645B27}.AppStore|x86.Build.0 = Release|Any CPU
		{D61CA854-42E1-4068-90B1-239128645B27}.AppStore|x86.Deploy.0 = Release|Any CPU
		{D61CA854-42E1-4068-90B1-239128645B27}.Debug|Any CPU.ActiveCfg = Debug|Any CPU
		{D61CA854-42E1-4068-90B1-239128645B27}.Debug|Any CPU.Build.0 = Debug|Any CPU
		{D61CA854-42E1-4068-90B1-239128645B27}.Debug|Any CPU.Deploy.0 = Debug|Any CPU
		{D61CA854-42E1-4068-90B1-239128645B27}.Debug|ARM.ActiveCfg = Debug|Any CPU
		{D61CA854-42E1-4068-90B1-239128645B27}.Debug|ARM.Build.0 = Debug|Any CPU
		{D61CA854-42E1-4068-90B1-239128645B27}.Debug|ARM.Deploy.0 = Debug|Any CPU
		{D61CA854-42E1-4068-90B1-239128645B27}.Debug|iPhone.ActiveCfg = Debug|Any CPU
		{D61CA854-42E1-4068-90B1-239128645B27}.Debug|iPhone.Build.0 = Debug|Any CPU
		{D61CA854-42E1-4068-90B1-239128645B27}.Debug|iPhone.Deploy.0 = Debug|Any CPU
		{D61CA854-42E1-4068-90B1-239128645B27}.Debug|iPhoneSimulator.ActiveCfg = Debug|Any CPU
		{D61CA854-42E1-4068-90B1-239128645B27}.Debug|iPhoneSimulator.Build.0 = Debug|Any CPU
		{D61CA854-42E1-4068-90B1-239128645B27}.Debug|iPhoneSimulator.Deploy.0 = Debug|Any CPU
		{D61CA854-42E1-4068-90B1-239128645B27}.Debug|x64.ActiveCfg = Debug|Any CPU
		{D61CA854-42E1-4068-90B1-239128645B27}.Debug|x64.Build.0 = Debug|Any CPU
		{D61CA854-42E1-4068-90B1-239128645B27}.Debug|x64.Deploy.0 = Debug|Any CPU
		{D61CA854-42E1-4068-90B1-239128645B27}.Debug|x86.ActiveCfg = Debug|Any CPU
		{D61CA854-42E1-4068-90B1-239128645B27}.Debug|x86.Build.0 = Debug|Any CPU
		{D61CA854-42E1-4068-90B1-239128645B27}.Debug|x86.Deploy.0 = Debug|Any CPU
		{D61CA854-42E1-4068-90B1-239128645B27}.Release|Any CPU.ActiveCfg = Release|Any CPU
		{D61CA854-42E1-4068-90B1-239128645B27}.Release|Any CPU.Build.0 = Release|Any CPU
		{D61CA854-42E1-4068-90B1-239128645B27}.Release|Any CPU.Deploy.0 = Release|Any CPU
		{D61CA854-42E1-4068-90B1-239128645B27}.Release|ARM.ActiveCfg = Release|Any CPU
		{D61CA854-42E1-4068-90B1-239128645B27}.Release|ARM.Build.0 = Release|Any CPU
		{D61CA854-42E1-4068-90B1-239128645B27}.Release|ARM.Deploy.0 = Release|Any CPU
		{D61CA854-42E1-4068-90B1-239128645B27}.Release|iPhone.ActiveCfg = Release|Any CPU
		{D61CA854-42E1-4068-90B1-239128645B27}.Release|iPhone.Build.0 = Release|Any CPU
		{D61CA854-42E1-4068-90B1-239128645B27}.Release|iPhone.Deploy.0 = Release|Any CPU
		{D61CA854-42E1-4068-90B1-239128645B27}.Release|iPhoneSimulator.ActiveCfg = Release|Any CPU
		{D61CA854-42E1-4068-90B1-239128645B27}.Release|iPhoneSimulator.Build.0 = Release|Any CPU
		{D61CA854-42E1-4068-90B1-239128645B27}.Release|iPhoneSimulator.Deploy.0 = Release|Any CPU
		{D61CA854-42E1-4068-90B1-239128645B27}.Release|x64.ActiveCfg = Release|Any CPU
		{D61CA854-42E1-4068-90B1-239128645B27}.Release|x64.Build.0 = Release|Any CPU
		{D61CA854-42E1-4068-90B1-239128645B27}.Release|x64.Deploy.0 = Release|Any CPU
		{D61CA854-42E1-4068-90B1-239128645B27}.Release|x86.ActiveCfg = Release|Any CPU
		{D61CA854-42E1-4068-90B1-239128645B27}.Release|x86.Build.0 = Release|Any CPU
		{D61CA854-42E1-4068-90B1-239128645B27}.Release|x86.Deploy.0 = Release|Any CPU
		{6D65D154-9282-47F3-A0FB-E1F5C97FB9C7}.Ad-Hoc|Any CPU.ActiveCfg = Ad-Hoc|iPhone
		{6D65D154-9282-47F3-A0FB-E1F5C97FB9C7}.Ad-Hoc|ARM.ActiveCfg = Ad-Hoc|iPhone
		{6D65D154-9282-47F3-A0FB-E1F5C97FB9C7}.Ad-Hoc|iPhone.ActiveCfg = Ad-Hoc|iPhone
		{6D65D154-9282-47F3-A0FB-E1F5C97FB9C7}.Ad-Hoc|iPhone.Build.0 = Ad-Hoc|iPhone
		{6D65D154-9282-47F3-A0FB-E1F5C97FB9C7}.Ad-Hoc|iPhoneSimulator.ActiveCfg = Ad-Hoc|iPhoneSimulator
		{6D65D154-9282-47F3-A0FB-E1F5C97FB9C7}.Ad-Hoc|iPhoneSimulator.Build.0 = Ad-Hoc|iPhoneSimulator
		{6D65D154-9282-47F3-A0FB-E1F5C97FB9C7}.Ad-Hoc|x64.ActiveCfg = Ad-Hoc|iPhone
		{6D65D154-9282-47F3-A0FB-E1F5C97FB9C7}.Ad-Hoc|x86.ActiveCfg = Ad-Hoc|iPhone
		{6D65D154-9282-47F3-A0FB-E1F5C97FB9C7}.AppStore|Any CPU.ActiveCfg = AppStore|iPhone
		{6D65D154-9282-47F3-A0FB-E1F5C97FB9C7}.AppStore|ARM.ActiveCfg = AppStore|iPhone
		{6D65D154-9282-47F3-A0FB-E1F5C97FB9C7}.AppStore|iPhone.ActiveCfg = AppStore|iPhone
		{6D65D154-9282-47F3-A0FB-E1F5C97FB9C7}.AppStore|iPhone.Build.0 = AppStore|iPhone
		{6D65D154-9282-47F3-A0FB-E1F5C97FB9C7}.AppStore|iPhoneSimulator.ActiveCfg = AppStore|iPhoneSimulator
		{6D65D154-9282-47F3-A0FB-E1F5C97FB9C7}.AppStore|iPhoneSimulator.Build.0 = AppStore|iPhoneSimulator
		{6D65D154-9282-47F3-A0FB-E1F5C97FB9C7}.AppStore|x64.ActiveCfg = AppStore|iPhone
		{6D65D154-9282-47F3-A0FB-E1F5C97FB9C7}.AppStore|x86.ActiveCfg = AppStore|iPhone
		{6D65D154-9282-47F3-A0FB-E1F5C97FB9C7}.Debug|Any CPU.ActiveCfg = Debug|iPhone
		{6D65D154-9282-47F3-A0FB-E1F5C97FB9C7}.Debug|ARM.ActiveCfg = Debug|iPhone
		{6D65D154-9282-47F3-A0FB-E1F5C97FB9C7}.Debug|iPhone.ActiveCfg = Debug|iPhone
		{6D65D154-9282-47F3-A0FB-E1F5C97FB9C7}.Debug|iPhone.Build.0 = Debug|iPhone
		{6D65D154-9282-47F3-A0FB-E1F5C97FB9C7}.Debug|iPhoneSimulator.ActiveCfg = Debug|iPhoneSimulator
		{6D65D154-9282-47F3-A0FB-E1F5C97FB9C7}.Debug|iPhoneSimulator.Build.0 = Debug|iPhoneSimulator
		{6D65D154-9282-47F3-A0FB-E1F5C97FB9C7}.Debug|x64.ActiveCfg = Debug|iPhone
		{6D65D154-9282-47F3-A0FB-E1F5C97FB9C7}.Debug|x86.ActiveCfg = Debug|iPhone
		{6D65D154-9282-47F3-A0FB-E1F5C97FB9C7}.Release|Any CPU.ActiveCfg = Release|iPhone
		{6D65D154-9282-47F3-A0FB-E1F5C97FB9C7}.Release|ARM.ActiveCfg = Release|iPhone
		{6D65D154-9282-47F3-A0FB-E1F5C97FB9C7}.Release|iPhone.ActiveCfg = Release|iPhone
		{6D65D154-9282-47F3-A0FB-E1F5C97FB9C7}.Release|iPhone.Build.0 = Release|iPhone
		{6D65D154-9282-47F3-A0FB-E1F5C97FB9C7}.Release|iPhoneSimulator.ActiveCfg = Release|iPhoneSimulator
		{6D65D154-9282-47F3-A0FB-E1F5C97FB9C7}.Release|iPhoneSimulator.Build.0 = Release|iPhoneSimulator
		{6D65D154-9282-47F3-A0FB-E1F5C97FB9C7}.Release|x64.ActiveCfg = Release|iPhone
		{6D65D154-9282-47F3-A0FB-E1F5C97FB9C7}.Release|x86.ActiveCfg = Release|iPhone
		{384BC790-69AD-4D00-A31F-C53E9316F5D9}.Ad-Hoc|Any CPU.ActiveCfg = Release|x86
		{384BC790-69AD-4D00-A31F-C53E9316F5D9}.Ad-Hoc|Any CPU.Build.0 = Release|x86
		{384BC790-69AD-4D00-A31F-C53E9316F5D9}.Ad-Hoc|Any CPU.Deploy.0 = Release|x86
		{384BC790-69AD-4D00-A31F-C53E9316F5D9}.Ad-Hoc|ARM.ActiveCfg = Release|ARM
		{384BC790-69AD-4D00-A31F-C53E9316F5D9}.Ad-Hoc|ARM.Build.0 = Release|ARM
		{384BC790-69AD-4D00-A31F-C53E9316F5D9}.Ad-Hoc|ARM.Deploy.0 = Release|ARM
		{384BC790-69AD-4D00-A31F-C53E9316F5D9}.Ad-Hoc|iPhone.ActiveCfg = Release|x86
		{384BC790-69AD-4D00-A31F-C53E9316F5D9}.Ad-Hoc|iPhone.Build.0 = Release|x86
		{384BC790-69AD-4D00-A31F-C53E9316F5D9}.Ad-Hoc|iPhone.Deploy.0 = Release|x86
		{384BC790-69AD-4D00-A31F-C53E9316F5D9}.Ad-Hoc|iPhoneSimulator.ActiveCfg = Release|x86
		{384BC790-69AD-4D00-A31F-C53E9316F5D9}.Ad-Hoc|iPhoneSimulator.Build.0 = Release|x86
		{384BC790-69AD-4D00-A31F-C53E9316F5D9}.Ad-Hoc|iPhoneSimulator.Deploy.0 = Release|x86
		{384BC790-69AD-4D00-A31F-C53E9316F5D9}.Ad-Hoc|x64.ActiveCfg = Release|x64
		{384BC790-69AD-4D00-A31F-C53E9316F5D9}.Ad-Hoc|x64.Build.0 = Release|x64
		{384BC790-69AD-4D00-A31F-C53E9316F5D9}.Ad-Hoc|x64.Deploy.0 = Release|x64
		{384BC790-69AD-4D00-A31F-C53E9316F5D9}.Ad-Hoc|x86.ActiveCfg = Release|x86
		{384BC790-69AD-4D00-A31F-C53E9316F5D9}.Ad-Hoc|x86.Build.0 = Release|x86
		{384BC790-69AD-4D00-A31F-C53E9316F5D9}.Ad-Hoc|x86.Deploy.0 = Release|x86
		{384BC790-69AD-4D00-A31F-C53E9316F5D9}.AppStore|Any CPU.ActiveCfg = Release|x86
		{384BC790-69AD-4D00-A31F-C53E9316F5D9}.AppStore|Any CPU.Build.0 = Release|x86
		{384BC790-69AD-4D00-A31F-C53E9316F5D9}.AppStore|Any CPU.Deploy.0 = Release|x86
		{384BC790-69AD-4D00-A31F-C53E9316F5D9}.AppStore|ARM.ActiveCfg = Release|ARM
		{384BC790-69AD-4D00-A31F-C53E9316F5D9}.AppStore|ARM.Build.0 = Release|ARM
		{384BC790-69AD-4D00-A31F-C53E9316F5D9}.AppStore|ARM.Deploy.0 = Release|ARM
		{384BC790-69AD-4D00-A31F-C53E9316F5D9}.AppStore|iPhone.ActiveCfg = Release|x86
		{384BC790-69AD-4D00-A31F-C53E9316F5D9}.AppStore|iPhone.Build.0 = Release|x86
		{384BC790-69AD-4D00-A31F-C53E9316F5D9}.AppStore|iPhone.Deploy.0 = Release|x86
		{384BC790-69AD-4D00-A31F-C53E9316F5D9}.AppStore|iPhoneSimulator.ActiveCfg = Release|x86
		{384BC790-69AD-4D00-A31F-C53E9316F5D9}.AppStore|iPhoneSimulator.Build.0 = Release|x86
		{384BC790-69AD-4D00-A31F-C53E9316F5D9}.AppStore|iPhoneSimulator.Deploy.0 = Release|x86
		{384BC790-69AD-4D00-A31F-C53E9316F5D9}.AppStore|x64.ActiveCfg = Release|x64
		{384BC790-69AD-4D00-A31F-C53E9316F5D9}.AppStore|x64.Build.0 = Release|x64
		{384BC790-69AD-4D00-A31F-C53E9316F5D9}.AppStore|x64.Deploy.0 = Release|x64
		{384BC790-69AD-4D00-A31F-C53E9316F5D9}.AppStore|x86.ActiveCfg = Release|x86
		{384BC790-69AD-4D00-A31F-C53E9316F5D9}.AppStore|x86.Build.0 = Release|x86
		{384BC790-69AD-4D00-A31F-C53E9316F5D9}.AppStore|x86.Deploy.0 = Release|x86
		{384BC790-69AD-4D00-A31F-C53E9316F5D9}.Debug|Any CPU.ActiveCfg = Debug|x86
		{384BC790-69AD-4D00-A31F-C53E9316F5D9}.Debug|ARM.ActiveCfg = Debug|ARM
		{384BC790-69AD-4D00-A31F-C53E9316F5D9}.Debug|ARM.Build.0 = Debug|ARM
		{384BC790-69AD-4D00-A31F-C53E9316F5D9}.Debug|ARM.Deploy.0 = Debug|ARM
		{384BC790-69AD-4D00-A31F-C53E9316F5D9}.Debug|iPhone.ActiveCfg = Debug|x86
		{384BC790-69AD-4D00-A31F-C53E9316F5D9}.Debug|iPhoneSimulator.ActiveCfg = Debug|x86
		{384BC790-69AD-4D00-A31F-C53E9316F5D9}.Debug|x64.ActiveCfg = Debug|x64
		{384BC790-69AD-4D00-A31F-C53E9316F5D9}.Debug|x64.Build.0 = Debug|x64
		{384BC790-69AD-4D00-A31F-C53E9316F5D9}.Debug|x64.Deploy.0 = Debug|x64
		{384BC790-69AD-4D00-A31F-C53E9316F5D9}.Debug|x86.ActiveCfg = Debug|x86
		{384BC790-69AD-4D00-A31F-C53E9316F5D9}.Debug|x86.Build.0 = Debug|x86
		{384BC790-69AD-4D00-A31F-C53E9316F5D9}.Debug|x86.Deploy.0 = Debug|x86
		{384BC790-69AD-4D00-A31F-C53E9316F5D9}.Release|Any CPU.ActiveCfg = Release|x86
		{384BC790-69AD-4D00-A31F-C53E9316F5D9}.Release|ARM.ActiveCfg = Release|ARM
		{384BC790-69AD-4D00-A31F-C53E9316F5D9}.Release|ARM.Build.0 = Release|ARM
		{384BC790-69AD-4D00-A31F-C53E9316F5D9}.Release|ARM.Deploy.0 = Release|ARM
		{384BC790-69AD-4D00-A31F-C53E9316F5D9}.Release|iPhone.ActiveCfg = Release|x86
		{384BC790-69AD-4D00-A31F-C53E9316F5D9}.Release|iPhoneSimulator.ActiveCfg = Release|x86
		{384BC790-69AD-4D00-A31F-C53E9316F5D9}.Release|x64.ActiveCfg = Release|x64
		{384BC790-69AD-4D00-A31F-C53E9316F5D9}.Release|x64.Build.0 = Release|x64
		{384BC790-69AD-4D00-A31F-C53E9316F5D9}.Release|x64.Deploy.0 = Release|x64
		{384BC790-69AD-4D00-A31F-C53E9316F5D9}.Release|x86.ActiveCfg = Release|x86
		{384BC790-69AD-4D00-A31F-C53E9316F5D9}.Release|x86.Build.0 = Release|x86
		{384BC790-69AD-4D00-A31F-C53E9316F5D9}.Release|x86.Deploy.0 = Release|x86
		{28535683-D94D-41A0-ADC9-0AF1B491C873}.Ad-Hoc|Any CPU.ActiveCfg = Debug|Any CPU
		{28535683-D94D-41A0-ADC9-0AF1B491C873}.Ad-Hoc|Any CPU.Build.0 = Debug|Any CPU
		{28535683-D94D-41A0-ADC9-0AF1B491C873}.Ad-Hoc|ARM.ActiveCfg = Debug|Any CPU
		{28535683-D94D-41A0-ADC9-0AF1B491C873}.Ad-Hoc|ARM.Build.0 = Debug|Any CPU
		{28535683-D94D-41A0-ADC9-0AF1B491C873}.Ad-Hoc|iPhone.ActiveCfg = Debug|Any CPU
		{28535683-D94D-41A0-ADC9-0AF1B491C873}.Ad-Hoc|iPhone.Build.0 = Debug|Any CPU
		{28535683-D94D-41A0-ADC9-0AF1B491C873}.Ad-Hoc|iPhoneSimulator.ActiveCfg = Debug|Any CPU
		{28535683-D94D-41A0-ADC9-0AF1B491C873}.Ad-Hoc|iPhoneSimulator.Build.0 = Debug|Any CPU
		{28535683-D94D-41A0-ADC9-0AF1B491C873}.Ad-Hoc|x64.ActiveCfg = Debug|Any CPU
		{28535683-D94D-41A0-ADC9-0AF1B491C873}.Ad-Hoc|x64.Build.0 = Debug|Any CPU
		{28535683-D94D-41A0-ADC9-0AF1B491C873}.Ad-Hoc|x86.ActiveCfg = Debug|Any CPU
		{28535683-D94D-41A0-ADC9-0AF1B491C873}.Ad-Hoc|x86.Build.0 = Debug|Any CPU
		{28535683-D94D-41A0-ADC9-0AF1B491C873}.AppStore|Any CPU.ActiveCfg = Debug|Any CPU
		{28535683-D94D-41A0-ADC9-0AF1B491C873}.AppStore|Any CPU.Build.0 = Debug|Any CPU
		{28535683-D94D-41A0-ADC9-0AF1B491C873}.AppStore|ARM.ActiveCfg = Debug|Any CPU
		{28535683-D94D-41A0-ADC9-0AF1B491C873}.AppStore|ARM.Build.0 = Debug|Any CPU
		{28535683-D94D-41A0-ADC9-0AF1B491C873}.AppStore|iPhone.ActiveCfg = Debug|Any CPU
		{28535683-D94D-41A0-ADC9-0AF1B491C873}.AppStore|iPhone.Build.0 = Debug|Any CPU
		{28535683-D94D-41A0-ADC9-0AF1B491C873}.AppStore|iPhoneSimulator.ActiveCfg = Debug|Any CPU
		{28535683-D94D-41A0-ADC9-0AF1B491C873}.AppStore|iPhoneSimulator.Build.0 = Debug|Any CPU
		{28535683-D94D-41A0-ADC9-0AF1B491C873}.AppStore|x64.ActiveCfg = Debug|Any CPU
		{28535683-D94D-41A0-ADC9-0AF1B491C873}.AppStore|x64.Build.0 = Debug|Any CPU
		{28535683-D94D-41A0-ADC9-0AF1B491C873}.AppStore|x86.ActiveCfg = Debug|Any CPU
		{28535683-D94D-41A0-ADC9-0AF1B491C873}.AppStore|x86.Build.0 = Debug|Any CPU
		{28535683-D94D-41A0-ADC9-0AF1B491C873}.Debug|Any CPU.ActiveCfg = Debug|Any CPU
		{28535683-D94D-41A0-ADC9-0AF1B491C873}.Debug|Any CPU.Build.0 = Debug|Any CPU
		{28535683-D94D-41A0-ADC9-0AF1B491C873}.Debug|ARM.ActiveCfg = Debug|Any CPU
		{28535683-D94D-41A0-ADC9-0AF1B491C873}.Debug|ARM.Build.0 = Debug|Any CPU
		{28535683-D94D-41A0-ADC9-0AF1B491C873}.Debug|iPhone.ActiveCfg = Debug|Any CPU
		{28535683-D94D-41A0-ADC9-0AF1B491C873}.Debug|iPhone.Build.0 = Debug|Any CPU
		{28535683-D94D-41A0-ADC9-0AF1B491C873}.Debug|iPhoneSimulator.ActiveCfg = Debug|Any CPU
		{28535683-D94D-41A0-ADC9-0AF1B491C873}.Debug|iPhoneSimulator.Build.0 = Debug|Any CPU
		{28535683-D94D-41A0-ADC9-0AF1B491C873}.Debug|x64.ActiveCfg = Debug|Any CPU
		{28535683-D94D-41A0-ADC9-0AF1B491C873}.Debug|x64.Build.0 = Debug|Any CPU
		{28535683-D94D-41A0-ADC9-0AF1B491C873}.Debug|x86.ActiveCfg = Debug|Any CPU
		{28535683-D94D-41A0-ADC9-0AF1B491C873}.Debug|x86.Build.0 = Debug|Any CPU
		{28535683-D94D-41A0-ADC9-0AF1B491C873}.Release|Any CPU.ActiveCfg = Release|Any CPU
		{28535683-D94D-41A0-ADC9-0AF1B491C873}.Release|Any CPU.Build.0 = Release|Any CPU
		{28535683-D94D-41A0-ADC9-0AF1B491C873}.Release|ARM.ActiveCfg = Release|Any CPU
		{28535683-D94D-41A0-ADC9-0AF1B491C873}.Release|ARM.Build.0 = Release|Any CPU
		{28535683-D94D-41A0-ADC9-0AF1B491C873}.Release|iPhone.ActiveCfg = Release|Any CPU
		{28535683-D94D-41A0-ADC9-0AF1B491C873}.Release|iPhone.Build.0 = Release|Any CPU
		{28535683-D94D-41A0-ADC9-0AF1B491C873}.Release|iPhoneSimulator.ActiveCfg = Release|Any CPU
		{28535683-D94D-41A0-ADC9-0AF1B491C873}.Release|iPhoneSimulator.Build.0 = Release|Any CPU
		{28535683-D94D-41A0-ADC9-0AF1B491C873}.Release|x64.ActiveCfg = Release|Any CPU
		{28535683-D94D-41A0-ADC9-0AF1B491C873}.Release|x64.Build.0 = Release|Any CPU
		{28535683-D94D-41A0-ADC9-0AF1B491C873}.Release|x86.ActiveCfg = Release|Any CPU
		{28535683-D94D-41A0-ADC9-0AF1B491C873}.Release|x86.Build.0 = Release|Any CPU
	EndGlobalSection
	GlobalSection(SolutionProperties) = preSolution
		HideSolutionNode = FALSE
	EndGlobalSection
	GlobalSection(ExtensibilityGlobals) = postSolution
		SolutionGuid = {3B2A0F24-B4CC-4BE6-B2E9-0316553450E2}
	EndGlobalSection
EndGlobal
